# THIS IS AN AUTOGENERATED FILE. DO NOT EDIT THIS FILE DIRECTLY.
# yarn lockfile v1


"@types/fs-extra@^9.0.11":
  version "9.0.11"
  resolved "https://registry.npm.taobao.org/@types/fs-extra/download/@types/fs-extra-9.0.11.tgz#8cc99e103499eab9f347dbc6ca4e99fb8d2c2b87"
  integrity sha1-jMmeEDSZ6rnzR9vGyk6Z+40sK4c=
  dependencies:
    "@types/node" "*"

"@types/lodash@^4.14.178":
  version "4.14.178"
  resolved "https://registry.yarnpkg.com/@types/lodash/-/lodash-4.14.178.tgz#341f6d2247db528d4a13ddbb374bcdc80406f4f8"
  integrity sha512-0d5Wd09ItQWH1qFbEyQ7oTQ3GZrMfth5JkbN3EvTKLXcHLRDSXeLnlvlOn0wvxVIwK5o2M8JzP/OWz7T3NRsbw==

"@types/node@*":
  version "14.14.37"
  resolved "https://registry.npm.taobao.org/@types/node/download/@types/node-14.14.37.tgz?cache=0&sync_timestamp=1616803652202&other_urls=https%3A%2F%2Fregistry.npm.taobao.org%2F%40types%2Fnode%2Fdownload%2F%40types%2Fnode-14.14.37.tgz#a3dd8da4eb84a996c36e331df98d82abd76b516e"
  integrity sha1-o92NpOuEqZbDbjMd+Y2Cq9drUW4=

"@types/node@^17.0.13":
  version "17.0.13"
  resolved "https://registry.yarnpkg.com/@types/node/-/node-17.0.13.tgz#5ed7ed7c662948335fcad6c412bb42d99ea754e3"
  integrity sha512-Y86MAxASe25hNzlDbsviXl8jQHb0RDvKt4c40ZJQ1Don0AAL0STLZSs4N+6gLEO55pedy7r2cLwS+ZDxPm/2Bw==

at-least-node@^1.0.0:
  version "1.0.0"
  resolved "https://registry.npm.taobao.org/at-least-node/download/at-least-node-1.0.0.tgz#602cd4b46e844ad4effc92a8011a3c46e0238dc2"
  integrity sha1-YCzUtG6EStTv/JKoARo8RuAjjcI=

call-bind@^1.0.0:
  version "1.0.2"
  resolved "https://registry.npm.taobao.org/call-bind/download/call-bind-1.0.2.tgz?cache=0&sync_timestamp=1610402811207&other_urls=https%3A%2F%2Fregistry.npm.taobao.org%2Fcall-bind%2Fdownload%2Fcall-bind-1.0.2.tgz#b1d4e89e688119c3c9a903ad30abb2f6a919be3c"
  integrity sha1-sdTonmiBGcPJqQOtMKuy9qkZvjw=
  dependencies:
    function-bind "^1.1.1"
    get-intrinsic "^1.0.2"

cpu@^1.0.1:
  version "1.0.1"
  resolved "https://registry.npm.taobao.org/cpu/download/cpu-1.0.1.tgz#41d9a356bd54fe43146a15167fc1e7c565f09e2e"
  integrity sha1-QdmjVr1U/kMUahUWf8HnxWXwni4=

cron-parser@^3.1.0:
  version "3.3.0"
  resolved "https://registry.npm.taobao.org/cron-parser/download/cron-parser-3.3.0.tgz?cache=0&sync_timestamp=1614857317318&other_urls=https%3A%2F%2Fregistry.npm.taobao.org%2Fcron-parser%2Fdownload%2Fcron-parser-3.3.0.tgz#7d3a801e87f1691e3b5155f9dd107cb07bf39abc"
  integrity sha1-fTqAHofxaR47UVX53RB8sHvzmrw=
  dependencies:
    is-nan "^1.3.0"
    luxon "^1.25.0"

define-properties@^1.1.3:
  version "1.1.3"
  resolved "https://registry.npm.taobao.org/define-properties/download/define-properties-1.1.3.tgz#cf88da6cbee26fe6db7094f61d870cbd84cee9f1"
  integrity sha1-z4jabL7ib+bbcJT2HYcMvYTO6fE=
  dependencies:
    object-keys "^1.0.12"

fs-extra@^9.1.0:
  version "9.1.0"
  resolved "https://registry.npm.taobao.org/fs-extra/download/fs-extra-9.1.0.tgz?cache=0&sync_timestamp=1611075430627&other_urls=https%3A%2F%2Fregistry.npm.taobao.org%2Ffs-extra%2Fdownload%2Ffs-extra-9.1.0.tgz#5954460c764a8da2094ba3554bf839e6b9a7c86d"
  integrity sha1-WVRGDHZKjaIJS6NVS/g55rmnyG0=
  dependencies:
    at-least-node "^1.0.0"
    graceful-fs "^4.2.0"
    jsonfile "^6.0.1"
    universalify "^2.0.0"

function-bind@^1.1.1:
  version "1.1.1"
  resolved "https://registry.npm.taobao.org/function-bind/download/function-bind-1.1.1.tgz#a56899d3ea3c9bab874bb9773b7c5ede92f4895d"
  integrity sha1-pWiZ0+o8m6uHS7l3O3xe3pL0iV0=

get-intrinsic@^1.0.2:
  version "1.1.1"
  resolved "https://registry.npm.taobao.org/get-intrinsic/download/get-intrinsic-1.1.1.tgz#15f59f376f855c446963948f0d24cd3637b4abc6"
  integrity sha1-FfWfN2+FXERpY5SPDSTNNje0q8Y=
  dependencies:
    function-bind "^1.1.1"
    has "^1.0.3"
    has-symbols "^1.0.1"

graceful-fs@^4.1.11, graceful-fs@^4.1.6, graceful-fs@^4.2.0:
  version "4.2.6"
  resolved "https://registry.npm.taobao.org/graceful-fs/download/graceful-fs-4.2.6.tgz#ff040b2b0853b23c3d31027523706f1885d76bee"
  integrity sha1-/wQLKwhTsjw9MQJ1I3BvGIXXa+4=

has-symbols@^1.0.1:
  version "1.0.2"
  resolved "https://registry.npm.taobao.org/has-symbols/download/has-symbols-1.0.2.tgz#165d3070c00309752a1236a479331e3ac56f1423"
  integrity sha1-Fl0wcMADCXUqEjakeTMeOsVvFCM=

has@^1.0.3:
  version "1.0.3"
  resolved "https://registry.npm.taobao.org/has/download/has-1.0.3.tgz#722d7cbfc1f6aa8241f16dd814e011e1f41e8796"
  integrity sha1-ci18v8H2qoJB8W3YFOAR4fQeh5Y=
  dependencies:
    function-bind "^1.1.1"

is-nan@^1.3.0:
  version "1.3.2"
  resolved "https://registry.npm.taobao.org/is-nan/download/is-nan-1.3.2.tgz?cache=0&sync_timestamp=1608789358979&other_urls=https%3A%2F%2Fregistry.npm.taobao.org%2Fis-nan%2Fdownload%2Fis-nan-1.3.2.tgz#043a54adea31748b55b6cd4e09aadafa69bd9e1d"
  integrity sha1-BDpUreoxdItVts1OCara+mm9nh0=
  dependencies:
    call-bind "^1.0.0"
    define-properties "^1.1.3"

jsonfile@^6.0.1:
  version "6.1.0"
  resolved "https://registry.npm.taobao.org/jsonfile/download/jsonfile-6.1.0.tgz?cache=0&sync_timestamp=1604161933968&other_urls=https%3A%2F%2Fregistry.npm.taobao.org%2Fjsonfile%2Fdownload%2Fjsonfile-6.1.0.tgz#bc55b2634793c679ec6403094eb13698a6ec0aae"
  integrity sha1-vFWyY0eTxnnsZAMJTrE2mKbsCq4=
  dependencies:
    universalify "^2.0.0"
  optionalDependencies:
    graceful-fs "^4.1.6"

klaw-sync@^6.0.0:
  version "6.0.0"
  resolved "https://registry.npm.taobao.org/klaw-sync/download/klaw-sync-6.0.0.tgz#1fd2cfd56ebb6250181114f0a581167099c2b28c"
  integrity sha1-H9LP1W67YlAYERTwpYEWcJnCsow=
  dependencies:
    graceful-fs "^4.1.11"

lodash@^4.17.21:
  version "4.17.21"
  resolved "https://registry.yarnpkg.com/lodash/-/lodash-4.17.21.tgz#679591c564c3bffaae8454cf0b3df370c3d6911c"
  integrity sha512-v2kDEe57lecTulaDIuNTPy3Ry4gLGJ6Z1O3vE1krgXZNrsQ+LFTGHVxVjcXPs17LhbZVGedAJv8XZ1tvj5FvSg==

long-timeout@0.1.1:
  version "0.1.1"
  resolved "https://registry.npm.taobao.org/long-timeout/download/long-timeout-0.1.1.tgz#9721d788b47e0bcb5a24c2e2bee1a0da55dab514"
  integrity sha1-lyHXiLR+C8taJMLivuGg2lXatRQ=

luxon@^1.25.0:
  version "1.26.0"
  resolved "https://registry.npm.taobao.org/luxon/download/luxon-1.26.0.tgz#d3692361fda51473948252061d0f8561df02b578"
  integrity sha1-02kjYf2lFHOUglIGHQ+FYd8CtXg=

moment@^2.29.1:
  version "2.29.1"
  resolved "https://registry.npm.taobao.org/moment/download/moment-2.29.1.tgz?cache=0&sync_timestamp=1601983557585&other_urls=https%3A%2F%2Fregistry.npm.taobao.org%2Fmoment%2Fdownload%2Fmoment-2.29.1.tgz#b2be769fa31940be9eeea6469c075e35006fa3d3"
  integrity sha1-sr52n6MZQL6e7qZGnAdeNQBvo9M=

nbt-ts@^1.3.4:
  version "1.3.4"
  resolved "https://registry.yarnpkg.com/nbt-ts/-/nbt-ts-1.3.4.tgz#40d2c9c788c3f19bf63808eb276ebd74a66ef98f"
  integrity sha512-8l8oY5DYAdg3fOOWKVqLYpwWfdgagxb/wcVw+dMnKKHgqIKeqMjfdaU7Mzm5910vwkKkQ07/K9ayIMN7ZB/Z7w==

node-schedule@^2.0.0:
  version "2.0.0"
  resolved "https://registry.npm.taobao.org/node-schedule/download/node-schedule-2.0.0.tgz?cache=0&other_urls=https%3A%2F%2Fregistry.npm.taobao.org%2Fnode-schedule%2Fdownload%2Fnode-schedule-2.0.0.tgz#73ab4957d056c63708409cc1fab676e0e149c191"
  integrity sha1-c6tJV9BWxjcIQJzB+rZ24OFJwZE=
  dependencies:
    cron-parser "^3.1.0"
    long-timeout "0.1.1"
    sorted-array-functions "^1.3.0"

object-keys@^1.0.12:
  version "1.1.1"
  resolved "https://registry.npm.taobao.org/object-keys/download/object-keys-1.1.1.tgz#1c47f272df277f3b1daf061677d9c82e2322c60e"
  integrity sha1-HEfyct8nfzsdrwYWd9nILiMixg4=

rcon-client@^4.2.3:
  version "4.2.3"
  resolved "https://registry.npm.taobao.org/rcon-client/download/rcon-client-4.2.3.tgz#75b154c42099788e9f8b413454f78a4b22d8a9e2"
  integrity sha1-dbFUxCCZeI6fi0E0VPeKSyLYqeI=
  dependencies:
    typed-emitter "^0.1.0"

sorted-array-functions@^1.3.0:
  version "1.3.0"
  resolved "https://registry.npm.taobao.org/sorted-array-functions/download/sorted-array-functions-1.3.0.tgz#8605695563294dffb2c9796d602bd8459f7a0dd5"
  integrity sha1-hgVpVWMpTf+yyXltYCvYRZ96DdU=

systeminformation@^5.6.10:
  version "5.6.10"
  resolved "https://registry.npm.taobao.org/systeminformation/download/systeminformation-5.6.10.tgz#832fb1e57a798f4419123119e0e90ed8eeb38e56"
  integrity sha1-gy+x5Xp5j0QZEjEZ4OkO2O6zjlY=

typed-emitter@^0.1.0:
  version "0.1.0"
  resolved "https://registry.npm.taobao.org/typed-emitter/download/typed-emitter-0.1.0.tgz#ca532f100ccbf850e3a73b8ebf43d43e4f1f3849"
  integrity sha1-ylMvEAzL+FDjpzuOv0PUPk8fOEk=

universalify@^2.0.0:
  version "2.0.0"
  resolved "https://registry.npm.taobao.org/universalify/download/universalify-2.0.0.tgz?cache=0&sync_timestamp=1603180048005&other_urls=https%3A%2F%2Fregistry.npm.taobao.org%2Funiversalify%2Fdownload%2Funiversalify-2.0.0.tgz#75a4984efedc4b08975c5aeb73f530d02df25717"
  integrity sha1-daSYTv7cSwiXXFrrc/Uw0C3yVxc=

uuid@^8.3.2:
  version "8.3.2"
  resolved "https://registry.yarnpkg.com/uuid/-/uuid-8.3.2.tgz#80d5b5ced271bb9af6c445f21a1a04c606cefbe2"
  integrity sha512-+NYs2QeMWy+GWFOEm9xnn6HCDp0l7QBD7ml8zLUmJ+93Q5NF0NocErnwkTkXVFNiX3/fpC6afS8Dhb/gz7R7eg==
